
Microsoft Visual Studio Solution File, Format Version 12.00
# Visual Studio Version 16
VisualStudioVersion = 16.0.31729.503
MinimumVisualStudioVersion = 10.0.40219.1
Project("{FAE04EC0-301F-11D3-BF4B-00C04F79EFBC}") = "EncuestasAPI", "EncuestasAPI\EncuestasAPI.csproj", "{43D5AFAD-B788-4A28-AD90-87F194EF5BC3}"
EndProject
Global
	GlobalSection(SolutionConfigurationPlatforms) = preSolution
		Debug|Any CPU = Debug|Any CPU
		Release|Any CPU = Release|Any CPU
	EndGlobalSection
	GlobalSection(ProjectConfigurationPlatforms) = postSolution
		{43D5AFAD-B788-4A28-AD90-87F194EF5BC3}.Debug|Any CPU.ActiveCfg = Debug|Any CPU
		{43D5AFAD-B788-4A28-AD90-87F194EF5BC3}.Debug|Any CPU.Build.0 = Debug|Any CPU
		{43D5AFAD-B788-4A28-AD90-87F194EF5BC3}.Release|Any CPU.ActiveCfg = Release|Any CPU
		{43D5AFAD-B788-4A28-AD90-87F194EF5BC3}.Release|Any CPU.Build.0 = Release|Any CPU
	EndGlobalSection
	GlobalSection(SolutionProperties) = preSolution
		HideSolutionNode = FALSE
	EndGlobalSection
	GlobalSection(ExtensibilityGlobals) = postSolution
		SolutionGuid = {CA0FC924-2BCE-4CC7-947F-39B2148BB06E}
	EndGlobalSection
EndGlobal
